
Microsoft Visual Studio Solution File, Format Version 12.00
# Visual Studio 14
VisualStudioVersion = 14.0.25420.1
MinimumVisualStudioVersion = 10.0.40219.1
Project("{F2A71F9B-5D33-465A-A702-920D77279786}") = "Hive.Engine", "Hive.Engine\Hive.Engine.fsproj", "{238FB476-0A6C-474D-AADC-107DACE259A0}"
EndProject
Project("{F2A71F9B-5D33-465A-A702-920D77279786}") = "Hive.Engine.Tests", "Hive.Engine.Tests\Hive.Engine.Tests.fsproj", "{794ADB9C-7372-4079-8026-8A026AC736EB}"
EndProject
Project("{2150E333-8FDC-42A3-9474-1A3956D46DE8}") = "_test", "_test", "{2A09AE2B-31E3-4566-A4AE-D895A601AA52}"
EndProject
Project("{FAE04EC0-301F-11D3-BF4B-00C04F79EFBC}") = "Hive.IpcServer", "Hive.IpcServer\Hive.IpcServer.csproj", "{3B3BA155-94B2-4EDF-B2C9-C605C856E5B7}"
EndProject
Project("{FAE04EC0-301F-11D3-BF4B-00C04F79EFBC}") = "Hive.Common", "Hive.Common\Hive.Common.csproj", "{E8109063-C42B-4877-BE1B-EA6EE3C53616}"
EndProject
Project("{FAE04EC0-301F-11D3-BF4B-00C04F79EFBC}") = "Hive.IpcClient", "Hive.IpcClient\Hive.IpcClient.csproj", "{CC069F5D-FE27-496D-8694-3FC122D7631D}"
	ProjectSection(ProjectDependencies) = postProject
		{3B3BA155-94B2-4EDF-B2C9-C605C856E5B7} = {3B3BA155-94B2-4EDF-B2C9-C605C856E5B7}
	EndProjectSection
EndProject
Project("{FAE04EC0-301F-11D3-BF4B-00C04F79EFBC}") = "Hive.EngineWrapper.Tests", "Hive.EngineWrapper.Tests\Hive.EngineWrapper.Tests.csproj", "{4DCD9BCD-45EE-4135-9181-6BE149BF6FF0}"
EndProject
Project("{FAE04EC0-301F-11D3-BF4B-00C04F79EFBC}") = "Hive.EngineWrapper", "Hive.EngineWrapper\Hive.EngineWrapper.csproj", "{2A0389B4-38B9-4816-BB49-04E54C65E050}"
EndProject
Global
	GlobalSection(SolutionConfigurationPlatforms) = preSolution
		Debug|Any CPU = Debug|Any CPU
		Release|Any CPU = Release|Any CPU
	EndGlobalSection
	GlobalSection(ProjectConfigurationPlatforms) = postSolution
		{238FB476-0A6C-474D-AADC-107DACE259A0}.Debug|Any CPU.ActiveCfg = Debug|Any CPU
		{238FB476-0A6C-474D-AADC-107DACE259A0}.Debug|Any CPU.Build.0 = Debug|Any CPU
		{238FB476-0A6C-474D-AADC-107DACE259A0}.Release|Any CPU.ActiveCfg = Release|Any CPU
		{238FB476-0A6C-474D-AADC-107DACE259A0}.Release|Any CPU.Build.0 = Release|Any CPU
		{794ADB9C-7372-4079-8026-8A026AC736EB}.Debug|Any CPU.ActiveCfg = Debug|Any CPU
		{794ADB9C-7372-4079-8026-8A026AC736EB}.Debug|Any CPU.Build.0 = Debug|Any CPU
		{794ADB9C-7372-4079-8026-8A026AC736EB}.Release|Any CPU.ActiveCfg = Release|Any CPU
		{794ADB9C-7372-4079-8026-8A026AC736EB}.Release|Any CPU.Build.0 = Release|Any CPU
		{3B3BA155-94B2-4EDF-B2C9-C605C856E5B7}.Debug|Any CPU.ActiveCfg = Debug|Any CPU
		{3B3BA155-94B2-4EDF-B2C9-C605C856E5B7}.Debug|Any CPU.Build.0 = Debug|Any CPU
		{3B3BA155-94B2-4EDF-B2C9-C605C856E5B7}.Release|Any CPU.ActiveCfg = Release|Any CPU
		{3B3BA155-94B2-4EDF-B2C9-C605C856E5B7}.Release|Any CPU.Build.0 = Release|Any CPU
		{E8109063-C42B-4877-BE1B-EA6EE3C53616}.Debug|Any CPU.ActiveCfg = Debug|Any CPU
		{E8109063-C42B-4877-BE1B-EA6EE3C53616}.Debug|Any CPU.Build.0 = Debug|Any CPU
		{E8109063-C42B-4877-BE1B-EA6EE3C53616}.Release|Any CPU.ActiveCfg = Release|Any CPU
		{E8109063-C42B-4877-BE1B-EA6EE3C53616}.Release|Any CPU.Build.0 = Release|Any CPU
		{CC069F5D-FE27-496D-8694-3FC122D7631D}.Debug|Any CPU.ActiveCfg = Debug|Any CPU
		{CC069F5D-FE27-496D-8694-3FC122D7631D}.Debug|Any CPU.Build.0 = Debug|Any CPU
		{CC069F5D-FE27-496D-8694-3FC122D7631D}.Release|Any CPU.ActiveCfg = Release|Any CPU
		{CC069F5D-FE27-496D-8694-3FC122D7631D}.Release|Any CPU.Build.0 = Release|Any CPU
		{4DCD9BCD-45EE-4135-9181-6BE149BF6FF0}.Debug|Any CPU.ActiveCfg = Debug|Any CPU
		{4DCD9BCD-45EE-4135-9181-6BE149BF6FF0}.Debug|Any CPU.Build.0 = Debug|Any CPU
		{4DCD9BCD-45EE-4135-9181-6BE149BF6FF0}.Release|Any CPU.ActiveCfg = Release|Any CPU
		{4DCD9BCD-45EE-4135-9181-6BE149BF6FF0}.Release|Any CPU.Build.0 = Release|Any CPU
		{2A0389B4-38B9-4816-BB49-04E54C65E050}.Debug|Any CPU.ActiveCfg = Debug|Any CPU
		{2A0389B4-38B9-4816-BB49-04E54C65E050}.Debug|Any CPU.Build.0 = Debug|Any CPU
		{2A0389B4-38B9-4816-BB49-04E54C65E050}.Release|Any CPU.ActiveCfg = Release|Any CPU
		{2A0389B4-38B9-4816-BB49-04E54C65E050}.Release|Any CPU.Build.0 = Release|Any CPU
	EndGlobalSection
	GlobalSection(SolutionProperties) = preSolution
		HideSolutionNode = FALSE
	EndGlobalSection
	GlobalSection(NestedProjects) = preSolution
		{794ADB9C-7372-4079-8026-8A026AC736EB} = {2A09AE2B-31E3-4566-A4AE-D895A601AA52}
		{4DCD9BCD-45EE-4135-9181-6BE149BF6FF0} = {2A09AE2B-31E3-4566-A4AE-D895A601AA52}
	EndGlobalSection
EndGlobal
